
Microsoft Visual Studio Solution File, Format Version 12.00
# Visual Studio Version 16
VisualStudioVersion = 16.0.31321.278
MinimumVisualStudioVersion = 10.0.40219.1
Project("{FAE04EC0-301F-11D3-BF4B-00C04F79EFBC}") = "rockshowcs", "rockshowcs\rockshowcs.csproj", "{8D96A27B-51E0-48D0-BF57-F701C43D64BC}"
EndProject
Global
	GlobalSection(SolutionConfigurationPlatforms) = preSolution
		Debug|Any CPU = Debug|Any CPU
		Release|Any CPU = Release|Any CPU
	EndGlobalSection
	GlobalSection(ProjectConfigurationPlatforms) = postSolution
		{8D96A27B-51E0-48D0-BF57-F701C43D64BC}.Debug|Any CPU.ActiveCfg = Debug|Any CPU
		{8D96A27B-51E0-48D0-BF57-F701C43D64BC}.Debug|Any CPU.Build.0 = Debug|Any CPU
		{8D96A27B-51E0-48D0-BF57-F701C43D64BC}.Release|Any CPU.ActiveCfg = Release|Any CPU
		{8D96A27B-51E0-48D0-BF57-F701C43D64BC}.Release|Any CPU.Build.0 = Release|Any CPU
	EndGlobalSection
	GlobalSection(SolutionProperties) = preSolution
		HideSolutionNode = FALSE
	EndGlobalSection
	GlobalSection(ExtensibilityGlobals) = postSolution
		SolutionGuid = {CD89333A-FF07-4A14-8C80-C93D835F5022}
	EndGlobalSection
EndGlobal
